
Microsoft Visual Studio Solution File, Format Version 12.00
# Visual Studio Version 17
VisualStudioVersion = 17.3.32929.385
MinimumVisualStudioVersion = 10.0.40219.1
Project("{FAE04EC0-301F-11D3-BF4B-00C04F79EFBC}") = "cis4951.sprint.w41.4", "cis4951.sprint.w41.4.csproj", "{CE3BD502-B3B9-49EE-B3BC-4A2D92E30D9C}"
EndProject
Global
	GlobalSection(SolutionConfigurationPlatforms) = preSolution
		Debug|Any CPU = Debug|Any CPU
		Release|Any CPU = Release|Any CPU
	EndGlobalSection
	GlobalSection(ProjectConfigurationPlatforms) = postSolution
		{CE3BD502-B3B9-49EE-B3BC-4A2D92E30D9C}.Debug|Any CPU.ActiveCfg = Debug|Any CPU
		{CE3BD502-B3B9-49EE-B3BC-4A2D92E30D9C}.Debug|Any CPU.Build.0 = Debug|Any CPU
		{CE3BD502-B3B9-49EE-B3BC-4A2D92E30D9C}.Release|Any CPU.ActiveCfg = Release|Any CPU
		{CE3BD502-B3B9-49EE-B3BC-4A2D92E30D9C}.Release|Any CPU.Build.0 = Release|Any CPU
	EndGlobalSection
	GlobalSection(SolutionProperties) = preSolution
		HideSolutionNode = FALSE
	EndGlobalSection
	GlobalSection(ExtensibilityGlobals) = postSolution
		SolutionGuid = {CEA269EA-854C-42C3-BEAF-9453C0A5C99F}
	EndGlobalSection
EndGlobal
